
Microsoft Visual Studio Solution File, Format Version 12.00
# Visual Studio 15
VisualStudioVersion = 15.0.27130.2027
MinimumVisualStudioVersion = 10.0.40219.1
Project("{9A19103F-16F7-4668-BE54-9A1E7A4F7556}") = "TestApp", "TestApp\TestApp.csproj", "{8CABBA29-06F6-4314-A096-441EC17D8622}"
EndProject
Project("{E53339B2-1760-4266-BCC7-CA923CBCF16C}") = "docker-compose", "docker-compose.dcproj", "{78BF76F5-1569-430C-8EB4-F04C30D91DF9}"
EndProject
Project("{2150E333-8FDC-42A3-9474-1A3956D46DE8}") = "Solution Items", "Solution Items", "{12D67008-12F5-4754-B2EC-3F743A56E69E}"
	ProjectSection(SolutionItems) = preProject
		testapp.yaml = testapp.yaml
	EndProjectSection
EndProject
Global
	GlobalSection(SolutionConfigurationPlatforms) = preSolution
		Debug|Any CPU = Debug|Any CPU
		Release|Any CPU = Release|Any CPU
	EndGlobalSection
	GlobalSection(ProjectConfigurationPlatforms) = postSolution
		{8CABBA29-06F6-4314-A096-441EC17D8622}.Debug|Any CPU.ActiveCfg = Debug|Any CPU
		{8CABBA29-06F6-4314-A096-441EC17D8622}.Debug|Any CPU.Build.0 = Debug|Any CPU
		{8CABBA29-06F6-4314-A096-441EC17D8622}.Release|Any CPU.ActiveCfg = Release|Any CPU
		{8CABBA29-06F6-4314-A096-441EC17D8622}.Release|Any CPU.Build.0 = Release|Any CPU
		{78BF76F5-1569-430C-8EB4-F04C30D91DF9}.Debug|Any CPU.ActiveCfg = Debug|Any CPU
		{78BF76F5-1569-430C-8EB4-F04C30D91DF9}.Debug|Any CPU.Build.0 = Debug|Any CPU
		{78BF76F5-1569-430C-8EB4-F04C30D91DF9}.Release|Any CPU.ActiveCfg = Release|Any CPU
		{78BF76F5-1569-430C-8EB4-F04C30D91DF9}.Release|Any CPU.Build.0 = Release|Any CPU
	EndGlobalSection
	GlobalSection(SolutionProperties) = preSolution
		HideSolutionNode = FALSE
	EndGlobalSection
	GlobalSection(ExtensibilityGlobals) = postSolution
		SolutionGuid = {9788AE5B-F358-4C14-B00B-208E135D9EE8}
	EndGlobalSection
EndGlobal
